{
  "name": "macbook-alert",
  "version": "1.0.0",
  "lockfileVersion": 1,
  "requires": true,
  "dependencies": {
    "angular": {
      "version": "1.3.0",
      "resolved": "https://registry.npmjs.org/angular/-/angular-1.3.0.tgz",
      "integrity": "sha1-6vQZ99EWpwRaCyiaXfO+6KBYfV8="
    },
    "angular-resource": {
      "version": "1.3.0",
      "resolved": "https://registry.npmjs.org/angular-resource/-/angular-resource-1.3.0.tgz",
      "integrity": "sha1-/HmFWmTxo5iCp1LNLdwhk9t7go8="
    },
    "angular-route": {
      "version": "1.3.0",
      "resolved": "https://registry.npmjs.org/angular-route/-/angular-route-1.3.0.tgz",
      "integrity": "sha1-rAvX0+q5xMz3UjwpA0o1CzrRwNk="
    }
  }
}
